// !$*UTF8*$!
{
	archiveVersion = 1;
	classes = {
	};
	objectVersion = 50;
	objects = {

/* Begin PBXBuildFile section */
		8458899D24D8100600F961A6 /* FontSizesViewController.swift in Sources */ = {isa = PBXBuildFile; fileRef = 8458899C24D8100600F961A6 /* FontSizesViewController.swift */; };
		8458899F24D8212E00F961A6 /* FontInfoViewController.swift in Sources */ = {isa = PBXBuildFile; fileRef = 8458899E24D8212E00F961A6 /* FontInfoViewController.swift */; };
		845DDDEA24C1B36C00AE7023 /* AppDelegate.swift in Sources */ = {isa = PBXBuildFile; fileRef = 845DDDE924C1B36C00AE7023 /* AppDelegate.swift */; };
		845DDDEC24C1B36C00AE7023 /* SceneDelegate.swift in Sources */ = {isa = PBXBuildFile; fileRef = 845DDDEB24C1B36C00AE7023 /* SceneDelegate.swift */; };
		845DDDF124C1B36C00AE7023 /* Main.storyboard in Resources */ = {isa = PBXBuildFile; fileRef = 845DDDEF24C1B36C00AE7023 /* Main.storyboard */; };
		845DDDF324C1B37100AE7023 /* Assets.xcassets in Resources */ = {isa = PBXBuildFile; fileRef = 845DDDF224C1B37100AE7023 /* Assets.xcassets */; };
		845DDDF624C1B37100AE7023 /* LaunchScreen.storyboard in Resources */ = {isa = PBXBuildFile; fileRef = 845DDDF424C1B37100AE7023 /* LaunchScreen.storyboard */; };
		845DDDFE24C1B57400AE7023 /* FavouriteList.swift in Sources */ = {isa = PBXBuildFile; fileRef = 845DDDFD24C1B57400AE7023 /* FavouriteList.swift */; };
		845DDE0024C1CD5400AE7023 /* RootViewController.swift in Sources */ = {isa = PBXBuildFile; fileRef = 845DDDFF24C1CD5400AE7023 /* RootViewController.swift */; };
		84BA34DB24C1E99B00C775B9 /* FontListViewController.swift in Sources */ = {isa = PBXBuildFile; fileRef = 84BA34DA24C1E99B00C775B9 /* FontListViewController.swift */; };
/* End PBXBuildFile section */

/* Begin PBXFileReference section */
		8458899C24D8100600F961A6 /* FontSizesViewController.swift */ = {isa = PBXFileReference; lastKnownFileType = sourcecode.swift; path = FontSizesViewController.swift; sourceTree = "<group>"; };
		8458899E24D8212E00F961A6 /* FontInfoViewController.swift */ = {isa = PBXFileReference; lastKnownFileType = sourcecode.swift; path = FontInfoViewController.swift; sourceTree = "<group>"; };
		845DDDE624C1B36C00AE7023 /* Fonts.app */ = {isa = PBXFileReference; explicitFileType = wrapper.application; includeInIndex = 0; path = Fonts.app; sourceTree = BUILT_PRODUCTS_DIR; };
		845DDDE924C1B36C00AE7023 /* AppDelegate.swift */ = {isa = PBXFileReference; lastKnownFileType = sourcecode.swift; path = AppDelegate.swift; sourceTree = "<group>"; };
		845DDDEB24C1B36C00AE7023 /* SceneDelegate.swift */ = {isa = PBXFileReference; lastKnownFileType = sourcecode.swift; path = SceneDelegate.swift; sourceTree = "<group>"; };
		845DDDF024C1B36C00AE7023 /* Base */ = {isa = PBXFileReference; lastKnownFileType = file.storyboard; name = Base; path = Base.lproj/Main.storyboard; sourceTree = "<group>"; };
		845DDDF224C1B37100AE7023 /* Assets.xcassets */ = {isa = PBXFileReference; lastKnownFileType = folder.assetcatalog; path = Assets.xcassets; sourceTree = "<group>"; };
		845DDDF524C1B37100AE7023 /* Base */ = {isa = PBXFileReference; lastKnownFileType = file.storyboard; name = Base; path = Base.lproj/LaunchScreen.storyboard; sourceTree = "<group>"; };
		845DDDF724C1B37100AE7023 /* Info.plist */ = {isa = PBXFileReference; lastKnownFileType = text.plist.xml; path = Info.plist; sourceTree = "<group>"; };
		845DDDFD24C1B57400AE7023 /* FavouriteList.swift */ = {isa = PBXFileReference; lastKnownFileType = sourcecode.swift; path = FavouriteList.swift; sourceTree = "<group>"; };
		845DDDFF24C1CD5400AE7023 /* RootViewController.swift */ = {isa = PBXFileReference; lastKnownFileType = sourcecode.swift; path = RootViewController.swift; sourceTree = "<group>"; };
		84BA34DA24C1E99B00C775B9 /* FontListViewController.swift */ = {isa = PBXFileReference; lastKnownFileType = sourcecode.swift; path = FontListViewController.swift; sourceTree = "<group>"; };
/* End PBXFileReference section */

/* Begin PBXFrameworksBuildPhase section */
		845DDDE324C1B36C00AE7023 /* Frameworks */ = {
			isa = PBXFrameworksBuildPhase;
			buildActionMask = 2147483647;
			files = (
			);
			runOnlyForDeploymentPostprocessing = 0;
		};
/* End PBXFrameworksBuildPhase section */

/* Begin PBXGroup section */
		845DDDDD24C1B36C00AE7023 = {
			isa = PBXGroup;
			children = (
				845DDDE824C1B36C00AE7023 /* Fonts */,
				845DDDE724C1B36C00AE7023 /* Products */,
			);
			sourceTree = "<group>";
		};
		845DDDE724C1B36C00AE7023 /* Products */ = {
			isa = PBXGroup;
			children = (
				845DDDE624C1B36C00AE7023 /* Fonts.app */,
			);
			name = Products;
			sourceTree = "<group>";
		};
		845DDDE824C1B36C00AE7023 /* Fonts */ = {
			isa = PBXGroup;
			children = (
				845DDDE924C1B36C00AE7023 /* AppDelegate.swift */,
				845DDDEB24C1B36C00AE7023 /* SceneDelegate.swift */,
				845DDDEF24C1B36C00AE7023 /* Main.storyboard */,
				845DDDFF24C1CD5400AE7023 /* RootViewController.swift */,
				84BA34DA24C1E99B00C775B9 /* FontListViewController.swift */,
				8458899C24D8100600F961A6 /* FontSizesViewController.swift */,
				8458899E24D8212E00F961A6 /* FontInfoViewController.swift */,
				845DDDFD24C1B57400AE7023 /* FavouriteList.swift */,
				845DDDF224C1B37100AE7023 /* Assets.xcassets */,
				845DDDF424C1B37100AE7023 /* LaunchScreen.storyboard */,
				845DDDF724C1B37100AE7023 /* Info.plist */,
			);
			path = Fonts;
			sourceTree = "<group>";
		};
/* End PBXGroup section */

/* Begin PBXNativeTarget section */
		845DDDE524C1B36C00AE7023 /* Fonts */ = {
			isa = PBXNativeTarget;
			buildConfigurationList = 845DDDFA24C1B37100AE7023 /* Build configuration list for PBXNativeTarget "Fonts" */;
			buildPhases = (
				845DDDE224C1B36C00AE7023 /* Sources */,
				845DDDE324C1B36C00AE7023 /* Frameworks */,
				845DDDE424C1B36C00AE7023 /* Resources */,
			);
			buildRules = (
			);
			dependencies = (
			);
			name = Fonts;
			productName = Fonts;
			productReference = 845DDDE624C1B36C00AE7023 /* Fonts.app */;
			productType = "com.apple.product-type.application";
		};
/* End PBXNativeTarget section */

/* Begin PBXProject section */
		845DDDDE24C1B36C00AE7023 /* Project object */ = {
			isa = PBXProject;
			attributes = {
				LastSwiftUpdateCheck = 1150;
				LastUpgradeCheck = 1150;
				ORGANIZATIONNAME = Admin;
				TargetAttributes = {
					845DDDE524C1B36C00AE7023 = {
						CreatedOnToolsVersion = 11.5;
					};
				};
			};
			buildConfigurationList = 845DDDE124C1B36C00AE7023 /* Build configuration list for PBXProject "Fonts" */;
			compatibilityVersion = "Xcode 9.3";
			developmentRegion = en;
			hasScannedForEncodings = 0;
			knownRegions = (
				en,
				Base,
			);
			mainGroup = 845DDDDD24C1B36C00AE7023;
			productRefGroup = 845DDDE724C1B36C00AE7023 /* Products */;
			projectDirPath = "";
			projectRoot = "";
			targets = (
				845DDDE524C1B36C00AE7023 /* Fonts */,
			);
		};
/* End PBXProject section */

/* Begin PBXResourcesBuildPhase section */
		845DDDE424C1B36C00AE7023 /* Resources */ = {
			isa = PBXResourcesBuildPhase;
			buildActionMask = 2147483647;
			files = (
				845DDDF624C1B37100AE7023 /* LaunchScreen.storyboard in Resources */,
				845DDDF324C1B37100AE7023 /* Assets.xcassets in Resources */,
				845DDDF124C1B36C00AE7023 /* Main.storyboard in Resources */,
			);
			runOnlyForDeploymentPostprocessing = 0;
		};
/* End PBXResourcesBuildPhase section */

/* Begin PBXSourcesBuildPhase section */
		845DDDE224C1B36C00AE7023 /* Sources */ = {
			isa = PBXSourcesBuildPhase;
			buildActionMask = 2147483647;
			files = (
				845DDDEA24C1B36C00AE7023 /* AppDelegate.swift in Sources */,
				845DDDEC24C1B36C00AE7023 /* SceneDelegate.swift in Sources */,
				84BA34DB24C1E99B00C775B9 /* FontListViewController.swift in Sources */,
				845DDE0024C1CD5400AE7023 /* RootViewController.swift in Sources */,
				8458899D24D8100600F961A6 /* FontSizesViewController.swift in Sources */,
				845DDDFE24C1B57400AE7023 /* FavouriteList.swift in Sources */,
				8458899F24D8212E00F961A6 /* FontInfoViewController.swift in Sources */,
			);
			runOnlyForDeploymentPostprocessing = 0;
		};
/* End PBXSourcesBuildPhase section */

/* Begin PBXVariantGroup section */
		845DDDEF24C1B36C00AE7023 /* Main.storyboard */ = {
			isa = PBXVariantGroup;
			children = (
				845DDDF024C1B36C00AE7023 /* Base */,
			);
			name = Main.storyboard;
			sourceTree = "<group>";
		};
		845DDDF424C1B37100AE7023 /* LaunchScreen.storyboard */ = {
			isa = PBXVariantGroup;
			children = (
				845DDDF524C1B37100AE7023 /* Base */,
			);
			name = LaunchScreen.storyboard;
			sourceTree = "<group>";
		};
/* End PBXVariantGroup section */

/* Begin XCBuildConfiguration section */
		845DDDF824C1B37100AE7023 /* Debug */ = {
			isa = XCBuildConfiguration;
			buildSettings = {
				ALWAYS_SEARCH_USER_PATHS = NO;
				CLANG_ANALYZER_NONNULL = YES;
				CLANG_ANALYZER_NUMBER_OBJECT_CONVERSION = YES_AGGRESSIVE;
				CLANG_CXX_LANGUAGE_STANDARD = "gnu++14";
				CLANG_CXX_LIBRARY = "libc++";
				CLANG_ENABLE_MODULES = YES;
				CLANG_ENABLE_OBJC_ARC = YES;
				CLANG_ENABLE_OBJC_WEAK = YES;
				CLANG_WARN_BLOCK_CAPTURE_AUTORELEASING = YES;
				CLANG_WARN_BOOL_CONVERSION = YES;
				CLANG_WARN_COMMA = YES;
				CLANG_WARN_CONSTANT_CONVERSION = YES;
				CLANG_WARN_DEPRECATED_OBJC_IMPLEMENTATIONS = YES;
				CLANG_WARN_DIRECT_OBJC_ISA_USAGE = YES_ERROR;
				CLANG_WARN_DOCUMENTATION_COMMENTS = YES;
				CLANG_WARN_EMPTY_BODY = YES;
				CLANG_WARN_ENUM_CONVERSION = YES;
				CLANG_WARN_INFINITE_RECURSION = YES;
				CLANG_WARN_INT_CONVERSION = YES;
				CLANG_WARN_NON_LITERAL_NULL_CONVERSION = YES;
				CLANG_WARN_OBJC_IMPLICIT_RETAIN_SELF = YES;
				CLANG_WARN_OBJC_LITERAL_CONVERSION = YES;
				CLANG_WARN_OBJC_ROOT_CLASS = YES_ERROR;
				CLANG_WARN_RANGE_LOOP_ANALYSIS = YES;
				CLANG_WARN_STRICT_PROTOTYPES = YES;
				CLANG_WARN_SUSPICIOUS_MOVE = YES;
				CLANG_WARN_UNGUARDED_AVAILABILITY = YES_AGGRESSIVE;
				CLANG_WARN_UNREACHABLE_CODE = YES;
				CLANG_WARN__DUPLICATE_METHOD_MATCH = YES;
				COPY_PHASE_STRIP = NO;
				DEBUG_INFORMATION_FORMAT = dwarf;
				ENABLE_STRICT_OBJC_MSGSEND = YES;
				ENABLE_TESTABILITY = YES;
				GCC_C_LANGUAGE_STANDARD = gnu11;
				GCC_DYNAMIC_NO_PIC = NO;
				GCC_NO_COMMON_BLOCKS = YES;
				GCC_OPTIMIZATION_LEVEL = 0;
				GCC_PREPROCESSOR_DEFINITIONS = (
					"DEBUG=1",
					"$(inherited)",
				);
				GCC_WARN_64_TO_32_BIT_CONVERSION = YES;
				GCC_WARN_ABOUT_RETURN_TYPE = YES_ERROR;
				GCC_WARN_UNDECLARED_SELECTOR = YES;
				GCC_WARN_UNINITIALIZED_AUTOS = YES_AGGRESSIVE;
				GCC_WARN_UNUSED_FUNCTION = YES;
				GCC_WARN_UNUSED_VARIABLE = YES;
				IPHONEOS_DEPLOYMENT_TARGET = 13.5;
				MTL_ENABLE_DEBUG_INFO = INCLUDE_SOURCE;
				MTL_FAST_MATH = YES;
				ONLY_ACTIVE_ARCH = YES;
				SDKROOT = iphoneos;
				SWIFT_ACTIVE_COMPILATION_CONDITIONS = DEBUG;
				SWIFT_OPTIMIZATION_LEVEL = "-Onone";
			};
			name = Debug;
		};
		845DDDF924C1B37100AE7023 /* Release */ = {
			isa = XCBuildConfiguration;
			buildSettings = {
				ALWAYS_SEARCH_USER_PATHS = NO;
				CLANG_ANALYZER_NONNULL = YES;
				CLANG_ANALYZER_NUMBER_OBJECT_CONVERSION = YES_AGGRESSIVE;
				CLANG_CXX_LANGUAGE_STANDARD = "gnu++14";
				CLANG_CXX_LIBRARY = "libc++";
				CLANG_ENABLE_MODULES = YES;
				CLANG_ENABLE_OBJC_ARC = YES;
				CLANG_ENABLE_OBJC_WEAK = YES;
				CLANG_WARN_BLOCK_CAPTURE_AUTORELEASING = YES;
				CLANG_WARN_BOOL_CONVERSION = YES;
				CLANG_WARN_COMMA = YES;
				CLANG_WARN_CONSTANT_CONVERSION = YES;
				CLANG_WARN_DEPRECATED_OBJC_IMPLEMENTATIONS = YES;
				CLANG_WARN_DIRECT_OBJC_ISA_USAGE = YES_ERROR;
				CLANG_WARN_DOCUMENTATION_COMMENTS = YES;
				CLANG_WARN_EMPTY_BODY = YES;
				CLANG_WARN_ENUM_CONVERSION = YES;
				CLANG_WARN_INFINITE_RECURSION = YES;
				CLANG_WARN_INT_CONVERSION = YES;
				CLANG_WARN_NON_LITERAL_NULL_CONVERSION = YES;
				CLANG_WARN_OBJC_IMPLICIT_RETAIN_SELF = YES;
				CLANG_WARN_OBJC_LITERAL_CONVERSION = YES;
				CLANG_WARN_OBJC_ROOT_CLASS = YES_ERROR;
				CLANG_WARN_RANGE_LOOP_ANALYSIS = YES;
				CLANG_WARN_STRICT_PROTOTYPES = YES;
				CLANG_WARN_SUSPICIOUS_MOVE = YES;
				CLANG_WARN_UNGUARDED_AVAILABILITY = YES_AGGRESSIVE;
				CLANG_WARN_UNREACHABLE_CODE = YES;
				CLANG_WARN__DUPLICATE_METHOD_MATCH = YES;
				COPY_PHASE_STRIP = NO;
				DEBUG_INFORMATION_FORMAT = "dwarf-with-dsym";
				ENABLE_NS_ASSERTIONS = NO;
				ENABLE_STRICT_OBJC_MSGSEND = YES;
				GCC_C_LANGUAGE_STANDARD = gnu11;
				GCC_NO_COMMON_BLOCKS = YES;
				GCC_WARN_64_TO_32_BIT_CONVERSION = YES;
				GCC_WARN_ABOUT_RETURN_TYPE = YES_ERROR;
				GCC_WARN_UNDECLARED_SELECTOR = YES;
				GCC_WARN_UNINITIALIZED_AUTOS = YES_AGGRESSIVE;
				GCC_WARN_UNUSED_FUNCTION = YES;
				GCC_WARN_UNUSED_VARIABLE = YES;
				IPHONEOS_DEPLOYMENT_TARGET = 13.5;
				MTL_ENABLE_DEBUG_INFO = NO;
				MTL_FAST_MATH = YES;
				SDKROOT = iphoneos;
				SWIFT_COMPILATION_MODE = wholemodule;
				SWIFT_OPTIMIZATION_LEVEL = "-O";
				VALIDATE_PRODUCT = YES;
			};
			name = Release;
		};
		845DDDFB24C1B37100AE7023 /* Debug */ = {
			isa = XCBuildConfiguration;
			buildSettings = {
				ASSETCATALOG_COMPILER_APPICON_NAME = AppIcon;
				CODE_SIGN_STYLE = Automatic;
				DEVELOPMENT_TEAM = JX58TZDTX7;
				INFOPLIST_FILE = Fonts/Info.plist;
				LD_RUNPATH_SEARCH_PATHS = (
					"$(inherited)",
					"@executable_path/Frameworks",
				);
				PRODUCT_BUNDLE_IDENTIFIER = ru.IBS.Fonts;
				PRODUCT_NAME = "$(TARGET_NAME)";
				SWIFT_VERSION = 5.0;
				TARGETED_DEVICE_FAMILY = "1,2";
			};
			name = Debug;
		};
		845DDDFC24C1B37100AE7023 /* Release */ = {
			isa = XCBuildConfiguration;
			buildSettings = {
				ASSETCATALOG_COMPILER_APPICON_NAME = AppIcon;
				CODE_SIGN_STYLE = Automatic;
				DEVELOPMENT_TEAM = JX58TZDTX7;
				INFOPLIST_FILE = Fonts/Info.plist;
				LD_RUNPATH_SEARCH_PATHS = (
					"$(inherited)",
					"@executable_path/Frameworks",
				);
				PRODUCT_BUNDLE_IDENTIFIER = ru.IBS.Fonts;
				PRODUCT_NAME = "$(TARGET_NAME)";
				SWIFT_VERSION = 5.0;
				TARGETED_DEVICE_FAMILY = "1,2";
			};
			name = Release;
		};
/* End XCBuildConfiguration section */

/* Begin XCConfigurationList section */
		845DDDE124C1B36C00AE7023 /* Build configuration list for PBXProject "Fonts" */ = {
			isa = XCConfigurationList;
			buildConfigurations = (
				845DDDF824C1B37100AE7023 /* Debug */,
				845DDDF924C1B37100AE7023 /* Release */,
			);
			defaultConfigurationIsVisible = 0;
			defaultConfigurationName = Release;
		};
		845DDDFA24C1B37100AE7023 /* Build configuration list for PBXNativeTarget "Fonts" */ = {
			isa = XCConfigurationList;
			buildConfigurations = (
				845DDDFB24C1B37100AE7023 /* Debug */,
				845DDDFC24C1B37100AE7023 /* Release */,
			);
			defaultConfigurationIsVisible = 0;
			defaultConfigurationName = Release;
		};
/* End XCConfigurationList section */
	};
	rootObject = 845DDDDE24C1B36C00AE7023 /* Project object */;
}
